
Microsoft Visual Studio Solution File, Format Version 12.00
# Visual Studio Version 16
VisualStudioVersion = 16.0.30804.86
MinimumVisualStudioVersion = 10.0.40219.1
Project("{9A19103F-16F7-4668-BE54-9A1E7A4F7556}") = "MassTransitLearn", "MassTransitLearn\MassTransitLearn.csproj", "{7E98EB9A-DE45-4334-845A-DB7935566695}"
EndProject
Project("{9A19103F-16F7-4668-BE54-9A1E7A4F7556}") = "MassTransitLearn.Contracts", "MassTransitLearn.Contracts\MassTransitLearn.Contracts.csproj", "{EE9CFDA0-417A-46FF-82E6-9F18B83DDF5D}"
EndProject
Project("{9A19103F-16F7-4668-BE54-9A1E7A4F7556}") = "MassTransitLearn.Components", "MassTransitLearn.Components\MassTransitLearn.Components.csproj", "{2CB14CBA-697E-4178-BB9F-1AE7A94FD57A}"
EndProject
Project("{9A19103F-16F7-4668-BE54-9A1E7A4F7556}") = "MassTransitLearn.WinService", "MassTransitLearn.WinService\MassTransitLearn.WinService.csproj", "{EFF6D496-9043-49D7-82FA-56A00B517531}"
EndProject
Project("{9A19103F-16F7-4668-BE54-9A1E7A4F7556}") = "MasstransitLearn.Components.Tests", "MasstransitLearn.Components.Tests\MasstransitLearn.Components.Tests.csproj", "{C98249A5-336C-4F88-BC6B-5D09C13E9FF2}"
EndProject
Project("{2150E333-8FDC-42A3-9474-1A3956D46DE8}") = "Warehouse", "Warehouse", "{1B2ACB1F-ABA5-4D98-A2EC-DE3A1971ED59}"
EndProject
Project("{FAE04EC0-301F-11D3-BF4B-00C04F79EFBC}") = "Warehouse.Contracts", "Warehouse.Contracts\Warehouse.Contracts.csproj", "{775A55FE-8203-44A4-8522-BD2855EEBD80}"
EndProject
Project("{FAE04EC0-301F-11D3-BF4B-00C04F79EFBC}") = "Warehouse.Service", "Warehouse.Service\Warehouse.Service.csproj", "{6E4087C2-CD3D-477C-BF9C-0532E49092F8}"
EndProject
Project("{FAE04EC0-301F-11D3-BF4B-00C04F79EFBC}") = "Warehouse.Components", "Warehouse.Components\Warehouse.Components.csproj", "{BF736853-B81F-46E8-9D9B-AB234DFA3295}"
EndProject
Global
	GlobalSection(SolutionConfigurationPlatforms) = preSolution
		Debug|Any CPU = Debug|Any CPU
		Release|Any CPU = Release|Any CPU
	EndGlobalSection
	GlobalSection(ProjectConfigurationPlatforms) = postSolution
		{7E98EB9A-DE45-4334-845A-DB7935566695}.Debug|Any CPU.ActiveCfg = Debug|Any CPU
		{7E98EB9A-DE45-4334-845A-DB7935566695}.Debug|Any CPU.Build.0 = Debug|Any CPU
		{7E98EB9A-DE45-4334-845A-DB7935566695}.Release|Any CPU.ActiveCfg = Release|Any CPU
		{7E98EB9A-DE45-4334-845A-DB7935566695}.Release|Any CPU.Build.0 = Release|Any CPU
		{EE9CFDA0-417A-46FF-82E6-9F18B83DDF5D}.Debug|Any CPU.ActiveCfg = Debug|Any CPU
		{EE9CFDA0-417A-46FF-82E6-9F18B83DDF5D}.Debug|Any CPU.Build.0 = Debug|Any CPU
		{EE9CFDA0-417A-46FF-82E6-9F18B83DDF5D}.Release|Any CPU.ActiveCfg = Release|Any CPU
		{EE9CFDA0-417A-46FF-82E6-9F18B83DDF5D}.Release|Any CPU.Build.0 = Release|Any CPU
		{2CB14CBA-697E-4178-BB9F-1AE7A94FD57A}.Debug|Any CPU.ActiveCfg = Debug|Any CPU
		{2CB14CBA-697E-4178-BB9F-1AE7A94FD57A}.Debug|Any CPU.Build.0 = Debug|Any CPU
		{2CB14CBA-697E-4178-BB9F-1AE7A94FD57A}.Release|Any CPU.ActiveCfg = Release|Any CPU
		{2CB14CBA-697E-4178-BB9F-1AE7A94FD57A}.Release|Any CPU.Build.0 = Release|Any CPU
		{EFF6D496-9043-49D7-82FA-56A00B517531}.Debug|Any CPU.ActiveCfg = Debug|Any CPU
		{EFF6D496-9043-49D7-82FA-56A00B517531}.Debug|Any CPU.Build.0 = Debug|Any CPU
		{EFF6D496-9043-49D7-82FA-56A00B517531}.Release|Any CPU.ActiveCfg = Release|Any CPU
		{EFF6D496-9043-49D7-82FA-56A00B517531}.Release|Any CPU.Build.0 = Release|Any CPU
		{C98249A5-336C-4F88-BC6B-5D09C13E9FF2}.Debug|Any CPU.ActiveCfg = Debug|Any CPU
		{C98249A5-336C-4F88-BC6B-5D09C13E9FF2}.Debug|Any CPU.Build.0 = Debug|Any CPU
		{C98249A5-336C-4F88-BC6B-5D09C13E9FF2}.Release|Any CPU.ActiveCfg = Release|Any CPU
		{C98249A5-336C-4F88-BC6B-5D09C13E9FF2}.Release|Any CPU.Build.0 = Release|Any CPU
		{775A55FE-8203-44A4-8522-BD2855EEBD80}.Debug|Any CPU.ActiveCfg = Debug|Any CPU
		{775A55FE-8203-44A4-8522-BD2855EEBD80}.Debug|Any CPU.Build.0 = Debug|Any CPU
		{775A55FE-8203-44A4-8522-BD2855EEBD80}.Release|Any CPU.ActiveCfg = Release|Any CPU
		{775A55FE-8203-44A4-8522-BD2855EEBD80}.Release|Any CPU.Build.0 = Release|Any CPU
		{6E4087C2-CD3D-477C-BF9C-0532E49092F8}.Debug|Any CPU.ActiveCfg = Debug|Any CPU
		{6E4087C2-CD3D-477C-BF9C-0532E49092F8}.Debug|Any CPU.Build.0 = Debug|Any CPU
		{6E4087C2-CD3D-477C-BF9C-0532E49092F8}.Release|Any CPU.ActiveCfg = Release|Any CPU
		{6E4087C2-CD3D-477C-BF9C-0532E49092F8}.Release|Any CPU.Build.0 = Release|Any CPU
		{BF736853-B81F-46E8-9D9B-AB234DFA3295}.Debug|Any CPU.ActiveCfg = Debug|Any CPU
		{BF736853-B81F-46E8-9D9B-AB234DFA3295}.Debug|Any CPU.Build.0 = Debug|Any CPU
		{BF736853-B81F-46E8-9D9B-AB234DFA3295}.Release|Any CPU.ActiveCfg = Release|Any CPU
		{BF736853-B81F-46E8-9D9B-AB234DFA3295}.Release|Any CPU.Build.0 = Release|Any CPU
	EndGlobalSection
	GlobalSection(SolutionProperties) = preSolution
		HideSolutionNode = FALSE
	EndGlobalSection
	GlobalSection(NestedProjects) = preSolution
		{775A55FE-8203-44A4-8522-BD2855EEBD80} = {1B2ACB1F-ABA5-4D98-A2EC-DE3A1971ED59}
		{6E4087C2-CD3D-477C-BF9C-0532E49092F8} = {1B2ACB1F-ABA5-4D98-A2EC-DE3A1971ED59}
		{BF736853-B81F-46E8-9D9B-AB234DFA3295} = {1B2ACB1F-ABA5-4D98-A2EC-DE3A1971ED59}
	EndGlobalSection
	GlobalSection(ExtensibilityGlobals) = postSolution
		SolutionGuid = {F6CE27CD-1812-4A12-8E00-6E111F4E1CEF}
	EndGlobalSection
EndGlobal
